
Microsoft Visual Studio Solution File, Format Version 12.00
# Visual Studio Version 16
VisualStudioVersion = 16.0.29102.190
MinimumVisualStudioVersion = 10.0.40219.1
Project("{2150E333-8FDC-42A3-9474-1A3956D46DE8}") = "Microservices", "Microservices", "{DBF9B491-68CA-4596-A9F1-614EECC06912}"
EndProject
Project("{2150E333-8FDC-42A3-9474-1A3956D46DE8}") = "Domain", "Domain", "{815D6028-3555-4DF5-A9FE-8F0E2D4FB565}"
EndProject
Project("{2150E333-8FDC-42A3-9474-1A3956D46DE8}") = "Infrastructure.Bus", "Infrastructure.Bus", "{4E10565B-7A5C-41EA-A84A-C367429B7CC2}"
EndProject
Project("{2150E333-8FDC-42A3-9474-1A3956D46DE8}") = "Infrastructure.IoC", "Infrastructure.IoC", "{19C56DE7-FC45-444C-9847-198BAFFD481F}"
EndProject
Project("{2150E333-8FDC-42A3-9474-1A3956D46DE8}") = "Presentation", "Presentation", "{2278C99C-9808-48B6-B955-7C0A5534B859}"
EndProject
Project("{9A19103F-16F7-4668-BE54-9A1E7A4F7556}") = "MicroRabbit.Domain.Core", "MicroRabbit.Domain.Core\MicroRabbit.Domain.Core.csproj", "{7CF87E4C-95AA-4B8C-BED9-5047AF6A1345}"
EndProject
Project("{9A19103F-16F7-4668-BE54-9A1E7A4F7556}") = "MicroRabbit.Infrastructure.Bus", "MicroRabbit.Infrastructure.Bus\MicroRabbit.Infrastructure.Bus.csproj", "{C34AEEDD-36F7-4014-BBCA-B1948547F178}"
EndProject
Project("{9A19103F-16F7-4668-BE54-9A1E7A4F7556}") = "MicroRabbit.Infrastructure.IoC", "MicroRabbit.Infrastructure.IoC\MicroRabbit.Infrastructure.IoC.csproj", "{BDCF14BC-FD1B-45FD-BA70-FEE27F5C3714}"
EndProject
Project("{2150E333-8FDC-42A3-9474-1A3956D46DE8}") = "Banking", "Banking", "{19FBA0AB-B0ED-4CD1-BD59-EDD6B145249B}"
EndProject
Project("{2150E333-8FDC-42A3-9474-1A3956D46DE8}") = "Api", "Api", "{EECE9FEA-696B-4F0D-8190-DBE74F2DB901}"
EndProject
Project("{2150E333-8FDC-42A3-9474-1A3956D46DE8}") = "Domain", "Domain", "{91A8AB27-6244-48C8-980F-C548E9510A3F}"
EndProject
Project("{2150E333-8FDC-42A3-9474-1A3956D46DE8}") = "Application", "Application", "{957489F3-039D-4006-9592-A8ADD5E0C695}"
EndProject
Project("{2150E333-8FDC-42A3-9474-1A3956D46DE8}") = "Data", "Data", "{4A8053C4-72C3-4FA1-AE84-D01381F7FBCF}"
EndProject
Project("{9A19103F-16F7-4668-BE54-9A1E7A4F7556}") = "MicroRabbit.Banking.Api", "MicroRabbit.Banking.Api\MicroRabbit.Banking.Api.csproj", "{26C8C54B-5660-4C8E-8FF8-E49CB5F8BF1D}"
EndProject
Project("{9A19103F-16F7-4668-BE54-9A1E7A4F7556}") = "MicroRabbit.Banking.Application", "MicroRabbit.Banking.Application\MicroRabbit.Banking.Application.csproj", "{81FD7C44-5E99-4882-9FAE-F0E0AA080FAA}"
EndProject
Project("{9A19103F-16F7-4668-BE54-9A1E7A4F7556}") = "MicroRabbit.Banking.Data", "MicroRabbit.Banking.Data\MicroRabbit.Banking.Data.csproj", "{0490B3CF-9F67-4052-80C5-FEA85E8A2A61}"
EndProject
Project("{9A19103F-16F7-4668-BE54-9A1E7A4F7556}") = "MicroRabbit.Banking.Domain", "MicroRabbit.Banking.Domain\MicroRabbit.Banking.Domain.csproj", "{6DA4B83C-A19A-4F61-9BA0-B496FBCA5F04}"
EndProject
Project("{2150E333-8FDC-42A3-9474-1A3956D46DE8}") = "Transfer", "Transfer", "{C081D18B-DA0B-4F7F-8237-AD18412F86CC}"
EndProject
Project("{2150E333-8FDC-42A3-9474-1A3956D46DE8}") = "Api", "Api", "{616FC57E-CD7F-41D2-8F7B-0132FAB511E6}"
EndProject
Project("{2150E333-8FDC-42A3-9474-1A3956D46DE8}") = "Application", "Application", "{FA3D3622-199D-4BCA-B0E9-7860ACE78720}"
EndProject
Project("{2150E333-8FDC-42A3-9474-1A3956D46DE8}") = "Data", "Data", "{7FD8F098-6D94-4A02-A499-152ED72CFF1E}"
EndProject
Project("{2150E333-8FDC-42A3-9474-1A3956D46DE8}") = "Domain", "Domain", "{8070E5A9-03A1-4CC9-BF70-D2E1680F7972}"
EndProject
Project("{FAE04EC0-301F-11D3-BF4B-00C04F79EFBC}") = "MicroRabbit.Transfer.Api", "MicroRabbit.Transfer.Api\MicroRabbit.Transfer.Api.csproj", "{76E9FDC5-4194-4394-B976-65E5918B7D40}"
EndProject
Project("{FAE04EC0-301F-11D3-BF4B-00C04F79EFBC}") = "MicroRabbit.Transfer.Application", "MicroRabbit.Transfer.Application\MicroRabbit.Transfer.Application.csproj", "{9E550240-1284-41B0-A72F-36742C4EB7EA}"
EndProject
Project("{FAE04EC0-301F-11D3-BF4B-00C04F79EFBC}") = "MicroRabbit.Transfer.Domain", "MicroRabbit.Transfer.Domain\MicroRabbit.Transfer.Domain.csproj", "{79C89273-84CA-43CE-A252-1F1708218120}"
EndProject
Project("{FAE04EC0-301F-11D3-BF4B-00C04F79EFBC}") = "MicroRabbit.Transfer.Data", "MicroRabbit.Transfer.Data\MicroRabbit.Transfer.Data.csproj", "{CAA25F7F-5F8F-4B8C-B513-BD8033632E0D}"
EndProject
Global
	GlobalSection(SolutionConfigurationPlatforms) = preSolution
		Debug|Any CPU = Debug|Any CPU
		Release|Any CPU = Release|Any CPU
	EndGlobalSection
	GlobalSection(ProjectConfigurationPlatforms) = postSolution
		{7CF87E4C-95AA-4B8C-BED9-5047AF6A1345}.Debug|Any CPU.ActiveCfg = Debug|Any CPU
		{7CF87E4C-95AA-4B8C-BED9-5047AF6A1345}.Debug|Any CPU.Build.0 = Debug|Any CPU
		{7CF87E4C-95AA-4B8C-BED9-5047AF6A1345}.Release|Any CPU.ActiveCfg = Release|Any CPU
		{7CF87E4C-95AA-4B8C-BED9-5047AF6A1345}.Release|Any CPU.Build.0 = Release|Any CPU
		{C34AEEDD-36F7-4014-BBCA-B1948547F178}.Debug|Any CPU.ActiveCfg = Debug|Any CPU
		{C34AEEDD-36F7-4014-BBCA-B1948547F178}.Debug|Any CPU.Build.0 = Debug|Any CPU
		{C34AEEDD-36F7-4014-BBCA-B1948547F178}.Release|Any CPU.ActiveCfg = Release|Any CPU
		{C34AEEDD-36F7-4014-BBCA-B1948547F178}.Release|Any CPU.Build.0 = Release|Any CPU
		{BDCF14BC-FD1B-45FD-BA70-FEE27F5C3714}.Debug|Any CPU.ActiveCfg = Debug|Any CPU
		{BDCF14BC-FD1B-45FD-BA70-FEE27F5C3714}.Debug|Any CPU.Build.0 = Debug|Any CPU
		{BDCF14BC-FD1B-45FD-BA70-FEE27F5C3714}.Release|Any CPU.ActiveCfg = Release|Any CPU
		{BDCF14BC-FD1B-45FD-BA70-FEE27F5C3714}.Release|Any CPU.Build.0 = Release|Any CPU
		{26C8C54B-5660-4C8E-8FF8-E49CB5F8BF1D}.Debug|Any CPU.ActiveCfg = Debug|Any CPU
		{26C8C54B-5660-4C8E-8FF8-E49CB5F8BF1D}.Debug|Any CPU.Build.0 = Debug|Any CPU
		{26C8C54B-5660-4C8E-8FF8-E49CB5F8BF1D}.Release|Any CPU.ActiveCfg = Release|Any CPU
		{26C8C54B-5660-4C8E-8FF8-E49CB5F8BF1D}.Release|Any CPU.Build.0 = Release|Any CPU
		{81FD7C44-5E99-4882-9FAE-F0E0AA080FAA}.Debug|Any CPU.ActiveCfg = Debug|Any CPU
		{81FD7C44-5E99-4882-9FAE-F0E0AA080FAA}.Debug|Any CPU.Build.0 = Debug|Any CPU
		{81FD7C44-5E99-4882-9FAE-F0E0AA080FAA}.Release|Any CPU.ActiveCfg = Release|Any CPU
		{81FD7C44-5E99-4882-9FAE-F0E0AA080FAA}.Release|Any CPU.Build.0 = Release|Any CPU
		{0490B3CF-9F67-4052-80C5-FEA85E8A2A61}.Debug|Any CPU.ActiveCfg = Debug|Any CPU
		{0490B3CF-9F67-4052-80C5-FEA85E8A2A61}.Debug|Any CPU.Build.0 = Debug|Any CPU
		{0490B3CF-9F67-4052-80C5-FEA85E8A2A61}.Release|Any CPU.ActiveCfg = Release|Any CPU
		{0490B3CF-9F67-4052-80C5-FEA85E8A2A61}.Release|Any CPU.Build.0 = Release|Any CPU
		{6DA4B83C-A19A-4F61-9BA0-B496FBCA5F04}.Debug|Any CPU.ActiveCfg = Debug|Any CPU
		{6DA4B83C-A19A-4F61-9BA0-B496FBCA5F04}.Debug|Any CPU.Build.0 = Debug|Any CPU
		{6DA4B83C-A19A-4F61-9BA0-B496FBCA5F04}.Release|Any CPU.ActiveCfg = Release|Any CPU
		{6DA4B83C-A19A-4F61-9BA0-B496FBCA5F04}.Release|Any CPU.Build.0 = Release|Any CPU
		{76E9FDC5-4194-4394-B976-65E5918B7D40}.Debug|Any CPU.ActiveCfg = Debug|Any CPU
		{76E9FDC5-4194-4394-B976-65E5918B7D40}.Debug|Any CPU.Build.0 = Debug|Any CPU
		{76E9FDC5-4194-4394-B976-65E5918B7D40}.Release|Any CPU.ActiveCfg = Release|Any CPU
		{76E9FDC5-4194-4394-B976-65E5918B7D40}.Release|Any CPU.Build.0 = Release|Any CPU
		{9E550240-1284-41B0-A72F-36742C4EB7EA}.Debug|Any CPU.ActiveCfg = Debug|Any CPU
		{9E550240-1284-41B0-A72F-36742C4EB7EA}.Debug|Any CPU.Build.0 = Debug|Any CPU
		{9E550240-1284-41B0-A72F-36742C4EB7EA}.Release|Any CPU.ActiveCfg = Release|Any CPU
		{9E550240-1284-41B0-A72F-36742C4EB7EA}.Release|Any CPU.Build.0 = Release|Any CPU
		{79C89273-84CA-43CE-A252-1F1708218120}.Debug|Any CPU.ActiveCfg = Debug|Any CPU
		{79C89273-84CA-43CE-A252-1F1708218120}.Debug|Any CPU.Build.0 = Debug|Any CPU
		{79C89273-84CA-43CE-A252-1F1708218120}.Release|Any CPU.ActiveCfg = Release|Any CPU
		{79C89273-84CA-43CE-A252-1F1708218120}.Release|Any CPU.Build.0 = Release|Any CPU
		{CAA25F7F-5F8F-4B8C-B513-BD8033632E0D}.Debug|Any CPU.ActiveCfg = Debug|Any CPU
		{CAA25F7F-5F8F-4B8C-B513-BD8033632E0D}.Debug|Any CPU.Build.0 = Debug|Any CPU
		{CAA25F7F-5F8F-4B8C-B513-BD8033632E0D}.Release|Any CPU.ActiveCfg = Release|Any CPU
		{CAA25F7F-5F8F-4B8C-B513-BD8033632E0D}.Release|Any CPU.Build.0 = Release|Any CPU
	EndGlobalSection
	GlobalSection(SolutionProperties) = preSolution
		HideSolutionNode = FALSE
	EndGlobalSection
	GlobalSection(NestedProjects) = preSolution
		{7CF87E4C-95AA-4B8C-BED9-5047AF6A1345} = {815D6028-3555-4DF5-A9FE-8F0E2D4FB565}
		{C34AEEDD-36F7-4014-BBCA-B1948547F178} = {4E10565B-7A5C-41EA-A84A-C367429B7CC2}
		{BDCF14BC-FD1B-45FD-BA70-FEE27F5C3714} = {19C56DE7-FC45-444C-9847-198BAFFD481F}
		{19FBA0AB-B0ED-4CD1-BD59-EDD6B145249B} = {DBF9B491-68CA-4596-A9F1-614EECC06912}
		{EECE9FEA-696B-4F0D-8190-DBE74F2DB901} = {19FBA0AB-B0ED-4CD1-BD59-EDD6B145249B}
		{91A8AB27-6244-48C8-980F-C548E9510A3F} = {19FBA0AB-B0ED-4CD1-BD59-EDD6B145249B}
		{957489F3-039D-4006-9592-A8ADD5E0C695} = {19FBA0AB-B0ED-4CD1-BD59-EDD6B145249B}
		{4A8053C4-72C3-4FA1-AE84-D01381F7FBCF} = {19FBA0AB-B0ED-4CD1-BD59-EDD6B145249B}
		{26C8C54B-5660-4C8E-8FF8-E49CB5F8BF1D} = {EECE9FEA-696B-4F0D-8190-DBE74F2DB901}
		{81FD7C44-5E99-4882-9FAE-F0E0AA080FAA} = {957489F3-039D-4006-9592-A8ADD5E0C695}
		{0490B3CF-9F67-4052-80C5-FEA85E8A2A61} = {4A8053C4-72C3-4FA1-AE84-D01381F7FBCF}
		{6DA4B83C-A19A-4F61-9BA0-B496FBCA5F04} = {91A8AB27-6244-48C8-980F-C548E9510A3F}
		{C081D18B-DA0B-4F7F-8237-AD18412F86CC} = {DBF9B491-68CA-4596-A9F1-614EECC06912}
		{616FC57E-CD7F-41D2-8F7B-0132FAB511E6} = {C081D18B-DA0B-4F7F-8237-AD18412F86CC}
		{FA3D3622-199D-4BCA-B0E9-7860ACE78720} = {C081D18B-DA0B-4F7F-8237-AD18412F86CC}
		{7FD8F098-6D94-4A02-A499-152ED72CFF1E} = {C081D18B-DA0B-4F7F-8237-AD18412F86CC}
		{8070E5A9-03A1-4CC9-BF70-D2E1680F7972} = {C081D18B-DA0B-4F7F-8237-AD18412F86CC}
		{76E9FDC5-4194-4394-B976-65E5918B7D40} = {616FC57E-CD7F-41D2-8F7B-0132FAB511E6}
		{9E550240-1284-41B0-A72F-36742C4EB7EA} = {FA3D3622-199D-4BCA-B0E9-7860ACE78720}
		{79C89273-84CA-43CE-A252-1F1708218120} = {8070E5A9-03A1-4CC9-BF70-D2E1680F7972}
		{CAA25F7F-5F8F-4B8C-B513-BD8033632E0D} = {7FD8F098-6D94-4A02-A499-152ED72CFF1E}
	EndGlobalSection
	GlobalSection(ExtensibilityGlobals) = postSolution
		SolutionGuid = {19FF9631-66E0-4E7F-A7D6-9E701222159D}
	EndGlobalSection
EndGlobal
